{
  "requires": true,
  "lockfileVersion": 1,
  "dependencies": {
    "amdefine": {
      "version": "1.0.1",
      "resolved": "http://registry.npm.taobao.org/amdefine/download/amdefine-1.0.1.tgz",
      "integrity": "sha1-SlKCrBZHKek2Gbz9OtFR+BfOkfU="
    },
    "ast-types": {
      "version": "0.5.7",
      "resolved": "http://registry.npm.taobao.org/ast-types/download/ast-types-0.5.7.tgz",
      "integrity": "sha1-9sqpwht3pcYgGxVwos3WM2Pj0xQ=",
      "requires": {
        "depd": "1.0.1"
      }
    },
    "ast-util": {
      "version": "0.5.2",
      "resolved": "http://registry.npm.taobao.org/ast-util/download/ast-util-0.5.2.tgz",
      "integrity": "sha1-RvcEOBSfIrJ9wVL3bBOp2ksDlg0=",
      "requires": {
        "ast-types": "0.5.7",
        "private": "0.1.8"
      }
    },
    "axios": {
      "version": "0.18.0",
      "resolved": "http://registry.npm.taobao.org/axios/download/axios-0.18.0.tgz",
      "requires": {
        "follow-redirects": "1.4.1",
        "is-buffer": "1.1.6"
      },
      "dependencies": {
        "follow-redirects": {
          "version": "1.4.1",
          "resolved": "http://registry.npm.taobao.org/follow-redirects/download/follow-redirects-1.4.1.tgz",
          "requires": {
            "debug": "3.1.0"
          },
          "dependencies": {
            "debug": {
              "version": "3.1.0",
              "resolved": "http://registry.npm.taobao.org/debug/download/debug-3.1.0.tgz",
              "requires": {
                "ms": "2.0.0"
              },
              "dependencies": {
                "ms": {
                  "version": "2.0.0",
                  "resolved": "http://registry.npm.taobao.org/ms/download/ms-2.0.0.tgz"
                }
              }
            }
          }
        },
        "is-buffer": {
          "version": "1.1.6",
          "resolved": "http://registry.npm.taobao.org/is-buffer/download/is-buffer-1.1.6.tgz"
        }
      }
    },
    "debug": {
      "version": "3.1.0",
      "resolved": "http://registry.npm.taobao.org/debug/download/debug-3.1.0.tgz",
      "requires": {
        "ms": "2.0.0"
      },
      "dependencies": {
        "ms": {
          "version": "2.0.0",
          "resolved": "http://registry.npm.taobao.org/ms/download/ms-2.0.0.tgz"
        }
      }
    },
    "depd": {
      "version": "1.0.1",
      "resolved": "http://registry.npm.taobao.org/depd/download/depd-1.0.1.tgz",
      "integrity": "sha1-gK7GTJ1tl+ZcwqnKqTwKpqv3Oqo="
    },
    "es6-module-transpiler": {
      "version": "0.10.0",
      "resolved": "http://registry.npm.taobao.org/es6-module-transpiler/download/es6-module-transpiler-0.10.0.tgz",
      "integrity": "sha1-2BpKJB8v3/x4FRDCCLhL8oaaTXE=",
      "requires": {
        "ast-util": "0.5.2",
        "esprima-fb": "7001.1.0-dev-harmony-fb",
        "posix-getopt": "1.2.0",
        "recast": "0.9.18",
        "reserved": "0.1.2"
      }
    },
    "esprima-fb": {
      "version": "7001.1.0-dev-harmony-fb",
      "resolved": "http://registry.npm.taobao.org/esprima-fb/download/esprima-fb-7001.1.0-dev-harmony-fb.tgz",
      "integrity": "sha1-kH4gkZV1pmfdG0IzXeAM9mRtd7M="
    },
    "follow-redirects": {
      "version": "1.4.1",
      "resolved": "http://registry.npm.taobao.org/follow-redirects/download/follow-redirects-1.4.1.tgz",
      "requires": {
        "debug": "3.1.0"
      },
      "dependencies": {
        "debug": {
          "version": "3.1.0",
          "resolved": "http://registry.npm.taobao.org/debug/download/debug-3.1.0.tgz",
          "requires": {
            "ms": "2.0.0"
          },
          "dependencies": {}
        }
      }
    },
    "is-buffer": {
      "version": "1.1.6",
      "resolved": "http://registry.npm.taobao.org/is-buffer/download/is-buffer-1.1.6.tgz"
    },
    "ms": {
      "version": "2.0.0",
      "resolved": "http://registry.npm.taobao.org/ms/download/ms-2.0.0.tgz"
    },
    "posix-getopt": {
      "version": "1.2.0",
      "resolved": "http://registry.npm.taobao.org/posix-getopt/download/posix-getopt-1.2.0.tgz",
      "integrity": "sha1-Su7rfa3mb8qKk2XdqfawBXQctiE="
    },
    "private": {
      "version": "0.1.8",
      "resolved": "http://registry.npm.taobao.org/private/download/private-0.1.8.tgz",
      "integrity": "sha1-I4Hts2ifelPWUxkAYPz4ItLzaP8="
    },
    "recast": {
      "version": "0.9.18",
      "resolved": "http://registry.npm.taobao.org/recast/download/recast-0.9.18.tgz",
      "integrity": "sha1-9wkhu59zfY4fsGpEAxW9fsFFh8k=",
      "requires": {
        "ast-types": "0.6.16",
        "esprima-fb": "10001.1.0-dev-harmony-fb",
        "private": "0.1.8",
        "source-map": "0.1.43"
      },
      "dependencies": {
        "ast-types": {
          "version": "0.6.16",
          "resolved": "http://registry.npm.taobao.org/ast-types/download/ast-types-0.6.16.tgz",
          "integrity": "sha1-BCBbcu3dGVqP6qCB8R0ClKJN7ZM="
        },
        "esprima-fb": {
          "version": "10001.1.0-dev-harmony-fb",
          "resolved": "http://registry.npm.taobao.org/esprima-fb/download/esprima-fb-10001.1.0-dev-harmony-fb.tgz",
          "integrity": "sha1-9++0UtPIAG3eazxZZ4YE9xFKiCw="
        }
      }
    },
    "reserved": {
      "version": "0.1.2",
      "resolved": "http://registry.npm.taobao.org/reserved/download/reserved-0.1.2.tgz",
      "integrity": "sha1-cHsSRqMmn3Vdp8/Pmvb0mDvvEFw="
    },
    "source-map": {
      "version": "0.1.43",
      "resolved": "http://registry.npm.taobao.org/source-map/download/source-map-0.1.43.tgz",
      "integrity": "sha1-wkvBRspRfBRx9drL4lcbK3+eM0Y=",
      "requires": {
        "amdefine": "1.0.1"
      }
    }
  }
}
